
Microsoft Visual Studio Solution File, Format Version 12.00
# Visual Studio Version 17
VisualStudioVersion = 17.10.35122.118
MinimumVisualStudioVersion = 10.0.40219.1
Project("{8BC9CEB8-8B4A-11D0-8D11-00A0C91BC942}") = "PPOIS(lab1)", "PPOIS(lab1)\PPOIS(lab1).vcxproj", "{0FEE128E-3B87-4EDA-8D5F-A61F8E9F03E4}"
EndProject
Project("{2150E333-8FDC-42A3-9474-1A3956D46DE8}") = "Элементы решения", "Элементы решения", "{DF984A9F-1B9E-4B9E-A08F-43030E8C7F6B}"
EndProject
Global
	GlobalSection(SolutionConfigurationPlatforms) = preSolution
		Debug|x64 = Debug|x64
		Debug|x86 = Debug|x86
		Release|x64 = Release|x64
		Release|x86 = Release|x86
	EndGlobalSection
	GlobalSection(ProjectConfigurationPlatforms) = postSolution
		{0FEE128E-3B87-4EDA-8D5F-A61F8E9F03E4}.Debug|x64.ActiveCfg = Debug|x64
		{0FEE128E-3B87-4EDA-8D5F-A61F8E9F03E4}.Debug|x64.Build.0 = Debug|x64
		{0FEE128E-3B87-4EDA-8D5F-A61F8E9F03E4}.Debug|x86.ActiveCfg = Debug|Win32
		{0FEE128E-3B87-4EDA-8D5F-A61F8E9F03E4}.Debug|x86.Build.0 = Debug|Win32
		{0FEE128E-3B87-4EDA-8D5F-A61F8E9F03E4}.Release|x64.ActiveCfg = Release|x64
		{0FEE128E-3B87-4EDA-8D5F-A61F8E9F03E4}.Release|x64.Build.0 = Release|x64
		{0FEE128E-3B87-4EDA-8D5F-A61F8E9F03E4}.Release|x86.ActiveCfg = Release|Win32
		{0FEE128E-3B87-4EDA-8D5F-A61F8E9F03E4}.Release|x86.Build.0 = Release|Win32
	EndGlobalSection
	GlobalSection(SolutionProperties) = preSolution
		HideSolutionNode = FALSE
	EndGlobalSection
	GlobalSection(ExtensibilityGlobals) = postSolution
		SolutionGuid = {A42437C2-920A-43FA-9023-188E6D3D1F0E}
	EndGlobalSection
EndGlobal
